{
  "name": "pdf-to-svg",
  "version": "1.0.0",
  "lockfileVersion": 3,
  "requires": true,
  "packages": {
    "": {
      "name": "pdf-to-svg",
      "version": "1.0.0",
      "license": "ISC",
      "dependencies": {
        "mupdf": "^0.2.1"
      }
    },
    "node_modules/mupdf": {
      "version": "0.2.1",
      "resolved": "https://registry.npmjs.org/mupdf/-/mupdf-0.2.1.tgz",
      "integrity": "sha512-uOLFJK/bNMvLupiNDvwZXKFlHWRJRLsMJm3gxiTnWw/na+YOw6rACI+/Jskb8cPT4HLe2TV/aVlqfpRFYB4rSQ=="
    }
  }
}
